
Microsoft Visual Studio Solution File, Format Version 12.00
# Visual Studio Version 17
VisualStudioVersion = 17.0.31903.59
MinimumVisualStudioVersion = 10.0.40219.1
Project("{2150E333-8FDC-42A3-9474-1A3956D46DE8}") = "src", "src", "{2DF9B479-D85B-4773-98F6-0446BAF107D8}"
EndProject
Project("{FAE04EC0-301F-11D3-BF4B-00C04F79EFBC}") = "Skailar", "src\Skailar\Skailar.csproj", "{05DF6331-BF4F-460B-9600-9DE39D89057B}"
EndProject
Project("{2150E333-8FDC-42A3-9474-1A3956D46DE8}") = "tests", "tests", "{F6859090-4CF7-4EC3-A80A-1528DBA993AC}"
EndProject
Project("{FAE04EC0-301F-11D3-BF4B-00C04F79EFBC}") = "Skailar.Tests", "tests\Skailar.Tests\Skailar.Tests.csproj", "{2B390B52-C435-483E-9BC6-6136046981E8}"
EndProject
Project("{2150E333-8FDC-42A3-9474-1A3956D46DE8}") = "samples", "samples", "{4FD4E35F-7893-40D3-B391-C6B9FB645622}"
EndProject
Project("{FAE04EC0-301F-11D3-BF4B-00C04F79EFBC}") = "Chat", "samples\Chat\Chat.csproj", "{4824154D-3A0D-4060-8F5F-088AD01C08A5}"
EndProject
Project("{FAE04EC0-301F-11D3-BF4B-00C04F79EFBC}") = "Streaming", "samples\Streaming\Streaming.csproj", "{07B4314F-7FDA-4676-8113-476749E2C6F9}"
EndProject
Project("{FAE04EC0-301F-11D3-BF4B-00C04F79EFBC}") = "Vision", "samples\Vision\Vision.csproj", "{6FE21DBB-D95B-4290-9DDE-041547B6FF77}"
EndProject
Project("{FAE04EC0-301F-11D3-BF4B-00C04F79EFBC}") = "ToolCalling", "samples\ToolCalling\ToolCalling.csproj", "{7726EC39-0DCA-4481-9F0B-5871668330A4}"
EndProject
Project("{FAE04EC0-301F-11D3-BF4B-00C04F79EFBC}") = "Speech", "samples\Speech\Speech.csproj", "{7E72215D-AFF1-4F56-9EE8-79B95062C588}"
EndProject
Global
	GlobalSection(SolutionConfigurationPlatforms) = preSolution
		Debug|Any CPU = Debug|Any CPU
		Release|Any CPU = Release|Any CPU
	EndGlobalSection
	GlobalSection(SolutionProperties) = preSolution
		HideSolutionNode = FALSE
	EndGlobalSection
	GlobalSection(ProjectConfigurationPlatforms) = postSolution
		{05DF6331-BF4F-460B-9600-9DE39D89057B}.Debug|Any CPU.ActiveCfg = Debug|Any CPU
		{05DF6331-BF4F-460B-9600-9DE39D89057B}.Debug|Any CPU.Build.0 = Debug|Any CPU
		{05DF6331-BF4F-460B-9600-9DE39D89057B}.Release|Any CPU.ActiveCfg = Release|Any CPU
		{05DF6331-BF4F-460B-9600-9DE39D89057B}.Release|Any CPU.Build.0 = Release|Any CPU
		{2B390B52-C435-483E-9BC6-6136046981E8}.Debug|Any CPU.ActiveCfg = Debug|Any CPU
		{2B390B52-C435-483E-9BC6-6136046981E8}.Debug|Any CPU.Build.0 = Debug|Any CPU
		{2B390B52-C435-483E-9BC6-6136046981E8}.Release|Any CPU.ActiveCfg = Release|Any CPU
		{2B390B52-C435-483E-9BC6-6136046981E8}.Release|Any CPU.Build.0 = Release|Any CPU
		{4824154D-3A0D-4060-8F5F-088AD01C08A5}.Debug|Any CPU.ActiveCfg = Debug|Any CPU
		{4824154D-3A0D-4060-8F5F-088AD01C08A5}.Debug|Any CPU.Build.0 = Debug|Any CPU
		{4824154D-3A0D-4060-8F5F-088AD01C08A5}.Release|Any CPU.ActiveCfg = Release|Any CPU
		{4824154D-3A0D-4060-8F5F-088AD01C08A5}.Release|Any CPU.Build.0 = Release|Any CPU
		{07B4314F-7FDA-4676-8113-476749E2C6F9}.Debug|Any CPU.ActiveCfg = Debug|Any CPU
		{07B4314F-7FDA-4676-8113-476749E2C6F9}.Debug|Any CPU.Build.0 = Debug|Any CPU
		{07B4314F-7FDA-4676-8113-476749E2C6F9}.Release|Any CPU.ActiveCfg = Release|Any CPU
		{07B4314F-7FDA-4676-8113-476749E2C6F9}.Release|Any CPU.Build.0 = Release|Any CPU
		{6FE21DBB-D95B-4290-9DDE-041547B6FF77}.Debug|Any CPU.ActiveCfg = Debug|Any CPU
		{6FE21DBB-D95B-4290-9DDE-041547B6FF77}.Debug|Any CPU.Build.0 = Debug|Any CPU
		{6FE21DBB-D95B-4290-9DDE-041547B6FF77}.Release|Any CPU.ActiveCfg = Release|Any CPU
		{6FE21DBB-D95B-4290-9DDE-041547B6FF77}.Release|Any CPU.Build.0 = Release|Any CPU
		{7726EC39-0DCA-4481-9F0B-5871668330A4}.Debug|Any CPU.ActiveCfg = Debug|Any CPU
		{7726EC39-0DCA-4481-9F0B-5871668330A4}.Debug|Any CPU.Build.0 = Debug|Any CPU
		{7726EC39-0DCA-4481-9F0B-5871668330A4}.Release|Any CPU.ActiveCfg = Release|Any CPU
		{7726EC39-0DCA-4481-9F0B-5871668330A4}.Release|Any CPU.Build.0 = Release|Any CPU
		{7E72215D-AFF1-4F56-9EE8-79B95062C588}.Debug|Any CPU.ActiveCfg = Debug|Any CPU
		{7E72215D-AFF1-4F56-9EE8-79B95062C588}.Debug|Any CPU.Build.0 = Debug|Any CPU
		{7E72215D-AFF1-4F56-9EE8-79B95062C588}.Release|Any CPU.ActiveCfg = Release|Any CPU
		{7E72215D-AFF1-4F56-9EE8-79B95062C588}.Release|Any CPU.Build.0 = Release|Any CPU
	EndGlobalSection
	GlobalSection(NestedProjects) = preSolution
		{05DF6331-BF4F-460B-9600-9DE39D89057B} = {2DF9B479-D85B-4773-98F6-0446BAF107D8}
		{2B390B52-C435-483E-9BC6-6136046981E8} = {F6859090-4CF7-4EC3-A80A-1528DBA993AC}
		{4824154D-3A0D-4060-8F5F-088AD01C08A5} = {4FD4E35F-7893-40D3-B391-C6B9FB645622}
		{07B4314F-7FDA-4676-8113-476749E2C6F9} = {4FD4E35F-7893-40D3-B391-C6B9FB645622}
		{6FE21DBB-D95B-4290-9DDE-041547B6FF77} = {4FD4E35F-7893-40D3-B391-C6B9FB645622}
		{7726EC39-0DCA-4481-9F0B-5871668330A4} = {4FD4E35F-7893-40D3-B391-C6B9FB645622}
		{7E72215D-AFF1-4F56-9EE8-79B95062C588} = {4FD4E35F-7893-40D3-B391-C6B9FB645622}
	EndGlobalSection
EndGlobal
